
Microsoft Visual Studio Solution File, Format Version 12.00
# Visual Studio Version 16
VisualStudioVersion = 16.0.30611.23
MinimumVisualStudioVersion = 10.0.40219.1
Project("{FAE04EC0-301F-11D3-BF4B-00C04F79EFBC}") = "Image and Sound Project", "Image and Sound Project.csproj", "{3DC14F3A-9BF4-46AA-B174-07F31D176BF4}"
EndProject
Global
	GlobalSection(SolutionConfigurationPlatforms) = preSolution
		Debug|Any CPU = Debug|Any CPU
		Release|Any CPU = Release|Any CPU
	EndGlobalSection
	GlobalSection(ProjectConfigurationPlatforms) = postSolution
		{3DC14F3A-9BF4-46AA-B174-07F31D176BF4}.Debug|Any CPU.ActiveCfg = Debug|Any CPU
		{3DC14F3A-9BF4-46AA-B174-07F31D176BF4}.Debug|Any CPU.Build.0 = Debug|Any CPU
		{3DC14F3A-9BF4-46AA-B174-07F31D176BF4}.Release|Any CPU.ActiveCfg = Release|Any CPU
		{3DC14F3A-9BF4-46AA-B174-07F31D176BF4}.Release|Any CPU.Build.0 = Release|Any CPU
	EndGlobalSection
	GlobalSection(SolutionProperties) = preSolution
		HideSolutionNode = FALSE
	EndGlobalSection
	GlobalSection(ExtensibilityGlobals) = postSolution
		SolutionGuid = {02E03FA5-66E0-4242-9E5D-FD0354837A29}
	EndGlobalSection
EndGlobal
